
Microsoft Visual Studio Solution File, Format Version 12.00
# Visual Studio 15
VisualStudioVersion = 15.0.28307.271
MinimumVisualStudioVersion = 10.0.40219.1
Project("{FAE04EC0-301F-11D3-BF4B-00C04F79EFBC}") = "Paint", "Paint\Paint.csproj", "{8E6519A3-D045-4B90-B6B6-1C9AC8ED3A99}"
EndProject
Project("{FAE04EC0-301F-11D3-BF4B-00C04F79EFBC}") = "PDFDocument", "PDFDocument\PDFDocument.csproj", "{07CA276D-70EC-4497-98AF-F86F4679C35F}"
EndProject
Project("{FAE04EC0-301F-11D3-BF4B-00C04F79EFBC}") = "Converter", "Converter\Converter.csproj", "{DECF5A01-8A09-4AD6-9938-BC7C9E19984E}"
EndProject
Global
	GlobalSection(SolutionConfigurationPlatforms) = preSolution
		Debug|Any CPU = Debug|Any CPU
		Release|Any CPU = Release|Any CPU
	EndGlobalSection
	GlobalSection(ProjectConfigurationPlatforms) = postSolution
		{8E6519A3-D045-4B90-B6B6-1C9AC8ED3A99}.Debug|Any CPU.ActiveCfg = Debug|Any CPU
		{8E6519A3-D045-4B90-B6B6-1C9AC8ED3A99}.Debug|Any CPU.Build.0 = Debug|Any CPU
		{8E6519A3-D045-4B90-B6B6-1C9AC8ED3A99}.Release|Any CPU.ActiveCfg = Release|Any CPU
		{8E6519A3-D045-4B90-B6B6-1C9AC8ED3A99}.Release|Any CPU.Build.0 = Release|Any CPU
		{07CA276D-70EC-4497-98AF-F86F4679C35F}.Debug|Any CPU.ActiveCfg = Debug|Any CPU
		{07CA276D-70EC-4497-98AF-F86F4679C35F}.Debug|Any CPU.Build.0 = Debug|Any CPU
		{07CA276D-70EC-4497-98AF-F86F4679C35F}.Release|Any CPU.ActiveCfg = Release|Any CPU
		{07CA276D-70EC-4497-98AF-F86F4679C35F}.Release|Any CPU.Build.0 = Release|Any CPU
		{DECF5A01-8A09-4AD6-9938-BC7C9E19984E}.Debug|Any CPU.ActiveCfg = Debug|Any CPU
		{DECF5A01-8A09-4AD6-9938-BC7C9E19984E}.Debug|Any CPU.Build.0 = Debug|Any CPU
		{DECF5A01-8A09-4AD6-9938-BC7C9E19984E}.Release|Any CPU.ActiveCfg = Release|Any CPU
		{DECF5A01-8A09-4AD6-9938-BC7C9E19984E}.Release|Any CPU.Build.0 = Release|Any CPU
	EndGlobalSection
	GlobalSection(SolutionProperties) = preSolution
		HideSolutionNode = FALSE
	EndGlobalSection
	GlobalSection(ExtensibilityGlobals) = postSolution
		SolutionGuid = {99CA9F3D-11EB-4717-9570-7F89B7031FF7}
	EndGlobalSection
EndGlobal
